
Microsoft Visual Studio Solution File, Format Version 12.00
# Visual Studio 15
VisualStudioVersion = 15.0.26403.7
MinimumVisualStudioVersion = 10.0.40219.1
Project("{FAE04EC0-301F-11D3-BF4B-00C04F79EFBC}") = "RoomPaint", "RoomPaint\RoomPaint.csproj", "{1ECDA23E-79EA-4E5C-BDF4-A3DEC4BFAC55}"
EndProject
Project("{FAE04EC0-301F-11D3-BF4B-00C04F79EFBC}") = "SimpleRoomPaint", "SimpleRoomPaint\SimpleRoomPaint.csproj", "{E009381F-ED7A-4D10-86BB-687D2E3016F6}"
EndProject
Project("{FAE04EC0-301F-11D3-BF4B-00C04F79EFBC}") = "UnitTests", "UnitTests\UnitTests.csproj", "{06DFC78B-3DDB-4BE9-A4A4-73A08C05D597}"
EndProject
Global
	GlobalSection(SolutionConfigurationPlatforms) = preSolution
		Debug|Any CPU = Debug|Any CPU
		Release|Any CPU = Release|Any CPU
	EndGlobalSection
	GlobalSection(ProjectConfigurationPlatforms) = postSolution
		{1ECDA23E-79EA-4E5C-BDF4-A3DEC4BFAC55}.Debug|Any CPU.ActiveCfg = Debug|Any CPU
		{1ECDA23E-79EA-4E5C-BDF4-A3DEC4BFAC55}.Debug|Any CPU.Build.0 = Debug|Any CPU
		{1ECDA23E-79EA-4E5C-BDF4-A3DEC4BFAC55}.Release|Any CPU.ActiveCfg = Release|Any CPU
		{1ECDA23E-79EA-4E5C-BDF4-A3DEC4BFAC55}.Release|Any CPU.Build.0 = Release|Any CPU
		{E009381F-ED7A-4D10-86BB-687D2E3016F6}.Debug|Any CPU.ActiveCfg = Debug|Any CPU
		{E009381F-ED7A-4D10-86BB-687D2E3016F6}.Debug|Any CPU.Build.0 = Debug|Any CPU
		{E009381F-ED7A-4D10-86BB-687D2E3016F6}.Release|Any CPU.ActiveCfg = Release|Any CPU
		{E009381F-ED7A-4D10-86BB-687D2E3016F6}.Release|Any CPU.Build.0 = Release|Any CPU
		{06DFC78B-3DDB-4BE9-A4A4-73A08C05D597}.Debug|Any CPU.ActiveCfg = Debug|Any CPU
		{06DFC78B-3DDB-4BE9-A4A4-73A08C05D597}.Debug|Any CPU.Build.0 = Debug|Any CPU
		{06DFC78B-3DDB-4BE9-A4A4-73A08C05D597}.Release|Any CPU.ActiveCfg = Release|Any CPU
		{06DFC78B-3DDB-4BE9-A4A4-73A08C05D597}.Release|Any CPU.Build.0 = Release|Any CPU
	EndGlobalSection
	GlobalSection(SolutionProperties) = preSolution
		HideSolutionNode = FALSE
	EndGlobalSection
EndGlobal
